// !$*UTF8*$!
{
	archiveVersion = 1;
	classes = {
	};
	objectVersion = 48;
	objects = {

/* Begin PBXBuildFile section */
		3F6882E3207CE02200A6277A /* AppDelegate.swift in Sources */ = {isa = PBXBuildFile; fileRef = 3F6882E2207CE02200A6277A /* AppDelegate.swift */; };
		3F6882E5207CE02200A6277A /* ViewController.swift in Sources */ = {isa = PBXBuildFile; fileRef = 3F6882E4207CE02200A6277A /* ViewController.swift */; };
		3F6882E8207CE02200A6277A /* Main.storyboard in Resources */ = {isa = PBXBuildFile; fileRef = 3F6882E6207CE02200A6277A /* Main.storyboard */; };
		3F6882EA207CE02200A6277A /* Assets.xcassets in Resources */ = {isa = PBXBuildFile; fileRef = 3F6882E9207CE02200A6277A /* Assets.xcassets */; };
		3F6882ED207CE02200A6277A /* LaunchScreen.storyboard in Resources */ = {isa = PBXBuildFile; fileRef = 3F6882EB207CE02200A6277A /* LaunchScreen.storyboard */; };
		3F6882F5207CE0F000A6277A /* MyDesignableComponent.swift in Sources */ = {isa = PBXBuildFile; fileRef = 3F6882F4207CE0F000A6277A /* MyDesignableComponent.swift */; };
/* End PBXBuildFile section */

/* Begin PBXFileReference section */
		3F6882DF207CE02200A6277A /* DesignableComponent.app */ = {isa = PBXFileReference; explicitFileType = wrapper.application; includeInIndex = 0; path = DesignableComponent.app; sourceTree = BUILT_PRODUCTS_DIR; };
		3F6882E2207CE02200A6277A /* AppDelegate.swift */ = {isa = PBXFileReference; lastKnownFileType = sourcecode.swift; path = AppDelegate.swift; sourceTree = "<group>"; };
		3F6882E4207CE02200A6277A /* ViewController.swift */ = {isa = PBXFileReference; lastKnownFileType = sourcecode.swift; path = ViewController.swift; sourceTree = "<group>"; };
		3F6882E7207CE02200A6277A /* Base */ = {isa = PBXFileReference; lastKnownFileType = file.storyboard; name = Base; path = Base.lproj/Main.storyboard; sourceTree = "<group>"; };
		3F6882E9207CE02200A6277A /* Assets.xcassets */ = {isa = PBXFileReference; lastKnownFileType = folder.assetcatalog; path = Assets.xcassets; sourceTree = "<group>"; };
		3F6882EC207CE02200A6277A /* Base */ = {isa = PBXFileReference; lastKnownFileType = file.storyboard; name = Base; path = Base.lproj/LaunchScreen.storyboard; sourceTree = "<group>"; };
		3F6882EE207CE02200A6277A /* Info.plist */ = {isa = PBXFileReference; lastKnownFileType = text.plist.xml; path = Info.plist; sourceTree = "<group>"; };
		3F6882F4207CE0F000A6277A /* MyDesignableComponent.swift */ = {isa = PBXFileReference; lastKnownFileType = sourcecode.swift; path = MyDesignableComponent.swift; sourceTree = "<group>"; };
/* End PBXFileReference section */

/* Begin PBXFrameworksBuildPhase section */
		3F6882DC207CE02200A6277A /* Frameworks */ = {
			isa = PBXFrameworksBuildPhase;
			buildActionMask = 2147483647;
			files = (
			);
			runOnlyForDeploymentPostprocessing = 0;
		};
/* End PBXFrameworksBuildPhase section */

/* Begin PBXGroup section */
		3F6882D6207CE02200A6277A = {
			isa = PBXGroup;
			children = (
				3F6882E1207CE02200A6277A /* DesignableComponent */,
				3F6882E0207CE02200A6277A /* Products */,
			);
			sourceTree = "<group>";
		};
		3F6882E0207CE02200A6277A /* Products */ = {
			isa = PBXGroup;
			children = (
				3F6882DF207CE02200A6277A /* DesignableComponent.app */,
			);
			name = Products;
			sourceTree = "<group>";
		};
		3F6882E1207CE02200A6277A /* DesignableComponent */ = {
			isa = PBXGroup;
			children = (
				3F6882E2207CE02200A6277A /* AppDelegate.swift */,
				3F6882E4207CE02200A6277A /* ViewController.swift */,
				3F6882F4207CE0F000A6277A /* MyDesignableComponent.swift */,
				3F6882E6207CE02200A6277A /* Main.storyboard */,
				3F6882E9207CE02200A6277A /* Assets.xcassets */,
				3F6882EB207CE02200A6277A /* LaunchScreen.storyboard */,
				3F6882EE207CE02200A6277A /* Info.plist */,
			);
			path = DesignableComponent;
			sourceTree = "<group>";
		};
/* End PBXGroup section */

/* Begin PBXNativeTarget section */
		3F6882DE207CE02200A6277A /* DesignableComponent */ = {
			isa = PBXNativeTarget;
			buildConfigurationList = 3F6882F1207CE02200A6277A /* Build configuration list for PBXNativeTarget "DesignableComponent" */;
			buildPhases = (
				3F6882DB207CE02200A6277A /* Sources */,
				3F6882DC207CE02200A6277A /* Frameworks */,
				3F6882DD207CE02200A6277A /* Resources */,
			);
			buildRules = (
			);
			dependencies = (
			);
			name = DesignableComponent;
			productName = DesignableComponent;
			productReference = 3F6882DF207CE02200A6277A /* DesignableComponent.app */;
			productType = "com.apple.product-type.application";
		};
/* End PBXNativeTarget section */

/* Begin PBXProject section */
		3F6882D7207CE02200A6277A /* Project object */ = {
			isa = PBXProject;
			attributes = {
				LastSwiftUpdateCheck = 0920;
				LastUpgradeCheck = 0920;
				ORGANIZATIONNAME = Badoo;
				TargetAttributes = {
					3F6882DE207CE02200A6277A = {
						CreatedOnToolsVersion = 9.2;
						ProvisioningStyle = Automatic;
					};
				};
			};
			buildConfigurationList = 3F6882DA207CE02200A6277A /* Build configuration list for PBXProject "DesignableComponent" */;
			compatibilityVersion = "Xcode 8.0";
			developmentRegion = en;
			hasScannedForEncodings = 0;
			knownRegions = (
				en,
				Base,
			);
			mainGroup = 3F6882D6207CE02200A6277A;
			productRefGroup = 3F6882E0207CE02200A6277A /* Products */;
			projectDirPath = "";
			projectRoot = "";
			targets = (
				3F6882DE207CE02200A6277A /* DesignableComponent */,
			);
		};
/* End PBXProject section */

/* Begin PBXResourcesBuildPhase section */
		3F6882DD207CE02200A6277A /* Resources */ = {
			isa = PBXResourcesBuildPhase;
			buildActionMask = 2147483647;
			files = (
				3F6882ED207CE02200A6277A /* LaunchScreen.storyboard in Resources */,
				3F6882EA207CE02200A6277A /* Assets.xcassets in Resources */,
				3F6882E8207CE02200A6277A /* Main.storyboard in Resources */,
			);
			runOnlyForDeploymentPostprocessing = 0;
		};
/* End PBXResourcesBuildPhase section */

/* Begin PBXSourcesBuildPhase section */
		3F6882DB207CE02200A6277A /* Sources */ = {
			isa = PBXSourcesBuildPhase;
			buildActionMask = 2147483647;
			files = (
				3F6882E5207CE02200A6277A /* ViewController.swift in Sources */,
				3F6882F5207CE0F000A6277A /* MyDesignableComponent.swift in Sources */,
				3F6882E3207CE02200A6277A /* AppDelegate.swift in Sources */,
			);
			runOnlyForDeploymentPostprocessing = 0;
		};
/* End PBXSourcesBuildPhase section */

/* Begin PBXVariantGroup section */
		3F6882E6207CE02200A6277A /* Main.storyboard */ = {
			isa = PBXVariantGroup;
			children = (
				3F6882E7207CE02200A6277A /* Base */,
			);
			name = Main.storyboard;
			sourceTree = "<group>";
		};
		3F6882EB207CE02200A6277A /* LaunchScreen.storyboard */ = {
			isa = PBXVariantGroup;
			children = (
				3F6882EC207CE02200A6277A /* Base */,
			);
			name = LaunchScreen.storyboard;
			sourceTree = "<group>";
		};
/* End PBXVariantGroup section */

/* Begin XCBuildConfiguration section */
		3F6882EF207CE02200A6277A /* Debug */ = {
			isa = XCBuildConfiguration;
			buildSettings = {
				ALWAYS_SEARCH_USER_PATHS = NO;
				CLANG_ANALYZER_NONNULL = YES;
				CLANG_ANALYZER_NUMBER_OBJECT_CONVERSION = YES_AGGRESSIVE;
				CLANG_CXX_LANGUAGE_STANDARD = "gnu++14";
				CLANG_CXX_LIBRARY = "libc++";
				CLANG_ENABLE_MODULES = YES;
				CLANG_ENABLE_OBJC_ARC = YES;
				CLANG_WARN_BLOCK_CAPTURE_AUTORELEASING = YES;
				CLANG_WARN_BOOL_CONVERSION = YES;
				CLANG_WARN_COMMA = YES;
				CLANG_WARN_CONSTANT_CONVERSION = YES;
				CLANG_WARN_DIRECT_OBJC_ISA_USAGE = YES_ERROR;
				CLANG_WARN_DOCUMENTATION_COMMENTS = YES;
				CLANG_WARN_EMPTY_BODY = YES;
				CLANG_WARN_ENUM_CONVERSION = YES;
				CLANG_WARN_INFINITE_RECURSION = YES;
				CLANG_WARN_INT_CONVERSION = YES;
				CLANG_WARN_NON_LITERAL_NULL_CONVERSION = YES;
				CLANG_WARN_OBJC_LITERAL_CONVERSION = YES;
				CLANG_WARN_OBJC_ROOT_CLASS = YES_ERROR;
				CLANG_WARN_RANGE_LOOP_ANALYSIS = YES;
				CLANG_WARN_STRICT_PROTOTYPES = YES;
				CLANG_WARN_SUSPICIOUS_MOVE = YES;
				CLANG_WARN_UNGUARDED_AVAILABILITY = YES_AGGRESSIVE;
				CLANG_WARN_UNREACHABLE_CODE = YES;
				CLANG_WARN__DUPLICATE_METHOD_MATCH = YES;
				CODE_SIGN_IDENTITY = "iPhone Developer";
				COPY_PHASE_STRIP = NO;
				DEBUG_INFORMATION_FORMAT = dwarf;
				ENABLE_STRICT_OBJC_MSGSEND = YES;
				ENABLE_TESTABILITY = YES;
				GCC_C_LANGUAGE_STANDARD = gnu11;
				GCC_DYNAMIC_NO_PIC = NO;
				GCC_NO_COMMON_BLOCKS = YES;
				GCC_OPTIMIZATION_LEVEL = 0;
				GCC_PREPROCESSOR_DEFINITIONS = (
					"DEBUG=1",
					"$(inherited)",
				);
				GCC_WARN_64_TO_32_BIT_CONVERSION = YES;
				GCC_WARN_ABOUT_RETURN_TYPE = YES_ERROR;
				GCC_WARN_UNDECLARED_SELECTOR = YES;
				GCC_WARN_UNINITIALIZED_AUTOS = YES_AGGRESSIVE;
				GCC_WARN_UNUSED_FUNCTION = YES;
				GCC_WARN_UNUSED_VARIABLE = YES;
				IPHONEOS_DEPLOYMENT_TARGET = 11.2;
				MTL_ENABLE_DEBUG_INFO = YES;
				ONLY_ACTIVE_ARCH = YES;
				SDKROOT = iphoneos;
				SWIFT_ACTIVE_COMPILATION_CONDITIONS = DEBUG;
				SWIFT_OPTIMIZATION_LEVEL = "-Onone";
			};
			name = Debug;
		};
		3F6882F0207CE02200A6277A /* Release */ = {
			isa = XCBuildConfiguration;
			buildSettings = {
				ALWAYS_SEARCH_USER_PATHS = NO;
				CLANG_ANALYZER_NONNULL = YES;
				CLANG_ANALYZER_NUMBER_OBJECT_CONVERSION = YES_AGGRESSIVE;
				CLANG_CXX_LANGUAGE_STANDARD = "gnu++14";
				CLANG_CXX_LIBRARY = "libc++";
				CLANG_ENABLE_MODULES = YES;
				CLANG_ENABLE_OBJC_ARC = YES;
				CLANG_WARN_BLOCK_CAPTURE_AUTORELEASING = YES;
				CLANG_WARN_BOOL_CONVERSION = YES;
				CLANG_WARN_COMMA = YES;
				CLANG_WARN_CONSTANT_CONVERSION = YES;
				CLANG_WARN_DIRECT_OBJC_ISA_USAGE = YES_ERROR;
				CLANG_WARN_DOCUMENTATION_COMMENTS = YES;
				CLANG_WARN_EMPTY_BODY = YES;
				CLANG_WARN_ENUM_CONVERSION = YES;
				CLANG_WARN_INFINITE_RECURSION = YES;
				CLANG_WARN_INT_CONVERSION = YES;
				CLANG_WARN_NON_LITERAL_NULL_CONVERSION = YES;
				CLANG_WARN_OBJC_LITERAL_CONVERSION = YES;
				CLANG_WARN_OBJC_ROOT_CLASS = YES_ERROR;
				CLANG_WARN_RANGE_LOOP_ANALYSIS = YES;
				CLANG_WARN_STRICT_PROTOTYPES = YES;
				CLANG_WARN_SUSPICIOUS_MOVE = YES;
				CLANG_WARN_UNGUARDED_AVAILABILITY = YES_AGGRESSIVE;
				CLANG_WARN_UNREACHABLE_CODE = YES;
				CLANG_WARN__DUPLICATE_METHOD_MATCH = YES;
				CODE_SIGN_IDENTITY = "iPhone Developer";
				COPY_PHASE_STRIP = NO;
				DEBUG_INFORMATION_FORMAT = "dwarf-with-dsym";
				ENABLE_NS_ASSERTIONS = NO;
				ENABLE_STRICT_OBJC_MSGSEND = YES;
				GCC_C_LANGUAGE_STANDARD = gnu11;
				GCC_NO_COMMON_BLOCKS = YES;
				GCC_WARN_64_TO_32_BIT_CONVERSION = YES;
				GCC_WARN_ABOUT_RETURN_TYPE = YES_ERROR;
				GCC_WARN_UNDECLARED_SELECTOR = YES;
				GCC_WARN_UNINITIALIZED_AUTOS = YES_AGGRESSIVE;
				GCC_WARN_UNUSED_FUNCTION = YES;
				GCC_WARN_UNUSED_VARIABLE = YES;
				IPHONEOS_DEPLOYMENT_TARGET = 11.2;
				MTL_ENABLE_DEBUG_INFO = NO;
				SDKROOT = iphoneos;
				SWIFT_OPTIMIZATION_LEVEL = "-Owholemodule";
				VALIDATE_PRODUCT = YES;
			};
			name = Release;
		};
		3F6882F2207CE02200A6277A /* Debug */ = {
			isa = XCBuildConfiguration;
			buildSettings = {
				ASSETCATALOG_COMPILER_APPICON_NAME = AppIcon;
				CODE_SIGN_STYLE = Automatic;
				INFOPLIST_FILE = DesignableComponent/Info.plist;
				LD_RUNPATH_SEARCH_PATHS = "$(inherited) @executable_path/Frameworks";
				PRODUCT_BUNDLE_IDENTIFIER = com.badoo.dev.demo.designable.DesignableComponent;
				PRODUCT_NAME = "$(TARGET_NAME)";
				SWIFT_VERSION = 4.0;
				TARGETED_DEVICE_FAMILY = "1,2";
			};
			name = Debug;
		};
		3F6882F3207CE02200A6277A /* Release */ = {
			isa = XCBuildConfiguration;
			buildSettings = {
				ASSETCATALOG_COMPILER_APPICON_NAME = AppIcon;
				CODE_SIGN_STYLE = Automatic;
				INFOPLIST_FILE = DesignableComponent/Info.plist;
				LD_RUNPATH_SEARCH_PATHS = "$(inherited) @executable_path/Frameworks";
				PRODUCT_BUNDLE_IDENTIFIER = com.badoo.dev.demo.designable.DesignableComponent;
				PRODUCT_NAME = "$(TARGET_NAME)";
				SWIFT_VERSION = 4.0;
				TARGETED_DEVICE_FAMILY = "1,2";
			};
			name = Release;
		};
/* End XCBuildConfiguration section */

/* Begin XCConfigurationList section */
		3F6882DA207CE02200A6277A /* Build configuration list for PBXProject "DesignableComponent" */ = {
			isa = XCConfigurationList;
			buildConfigurations = (
				3F6882EF207CE02200A6277A /* Debug */,
				3F6882F0207CE02200A6277A /* Release */,
			);
			defaultConfigurationIsVisible = 0;
			defaultConfigurationName = Release;
		};
		3F6882F1207CE02200A6277A /* Build configuration list for PBXNativeTarget "DesignableComponent" */ = {
			isa = XCConfigurationList;
			buildConfigurations = (
				3F6882F2207CE02200A6277A /* Debug */,
				3F6882F3207CE02200A6277A /* Release */,
			);
			defaultConfigurationIsVisible = 0;
			defaultConfigurationName = Release;
		};
/* End XCConfigurationList section */
	};
	rootObject = 3F6882D7207CE02200A6277A /* Project object */;
}
